
Microsoft Visual Studio Solution File, Format Version 12.00
# Visual Studio Version 16
VisualStudioVersion = 16.0.30204.135
MinimumVisualStudioVersion = 10.0.40219.1
Project("{FAE04EC0-301F-11D3-BF4B-00C04F79EFBC}") = "CapiMotors", "CapiMotors.csproj", "{27AD0DB7-1AAE-48E3-BA40-4FC9E6A48584}"
EndProject
Global
	GlobalSection(SolutionConfigurationPlatforms) = preSolution
		Debug|Any CPU = Debug|Any CPU
		Release|Any CPU = Release|Any CPU
	EndGlobalSection
	GlobalSection(ProjectConfigurationPlatforms) = postSolution
		{27AD0DB7-1AAE-48E3-BA40-4FC9E6A48584}.Debug|Any CPU.ActiveCfg = Debug|Any CPU
		{27AD0DB7-1AAE-48E3-BA40-4FC9E6A48584}.Debug|Any CPU.Build.0 = Debug|Any CPU
		{27AD0DB7-1AAE-48E3-BA40-4FC9E6A48584}.Release|Any CPU.ActiveCfg = Release|Any CPU
		{27AD0DB7-1AAE-48E3-BA40-4FC9E6A48584}.Release|Any CPU.Build.0 = Release|Any CPU
	EndGlobalSection
	GlobalSection(SolutionProperties) = preSolution
		HideSolutionNode = FALSE
	EndGlobalSection
	GlobalSection(ExtensibilityGlobals) = postSolution
		SolutionGuid = {1749ED30-E70E-46AD-BB15-88E98C9E8614}
	EndGlobalSection
EndGlobal
